
Microsoft Visual Studio Solution File, Format Version 12.00
# Visual Studio Version 16
VisualStudioVersion = 16.0.29409.12
MinimumVisualStudioVersion = 10.0.40219.1
Project("{9A19103F-16F7-4668-BE54-9A1E7A4F7556}") = "my-test-app.API", "my-test-app.API.csproj", "{3FB905F8-E76E-4DD1-8003-438B13DA8770}"
EndProject
Global
	GlobalSection(SolutionConfigurationPlatforms) = preSolution
		Debug|Any CPU = Debug|Any CPU
		Release|Any CPU = Release|Any CPU
	EndGlobalSection
	GlobalSection(ProjectConfigurationPlatforms) = postSolution
		{3FB905F8-E76E-4DD1-8003-438B13DA8770}.Debug|Any CPU.ActiveCfg = Debug|Any CPU
		{3FB905F8-E76E-4DD1-8003-438B13DA8770}.Debug|Any CPU.Build.0 = Debug|Any CPU
		{3FB905F8-E76E-4DD1-8003-438B13DA8770}.Release|Any CPU.ActiveCfg = Release|Any CPU
		{3FB905F8-E76E-4DD1-8003-438B13DA8770}.Release|Any CPU.Build.0 = Release|Any CPU
	EndGlobalSection
	GlobalSection(SolutionProperties) = preSolution
		HideSolutionNode = FALSE
	EndGlobalSection
	GlobalSection(ExtensibilityGlobals) = postSolution
		SolutionGuid = {FCB75A4B-85A2-4DC3-B5ED-B2D2D6739677}
	EndGlobalSection
EndGlobal
